
Microsoft Visual Studio Solution File, Format Version 12.00
# Visual Studio Version 16
VisualStudioVersion = 16.0.30104.148
MinimumVisualStudioVersion = 10.0.40219.1
Project("{8BC9CEB8-8B4A-11D0-8D11-00A0C91BC942}") = "day12_01", "day12.vcxproj", "{9471022E-6FEB-4A8A-8510-4CBF56DFA867}"
EndProject
Project("{8BC9CEB8-8B4A-11D0-8D11-00A0C91BC942}") = "day12_02", "..\day12_02\day12_02.vcxproj", "{2CBAC0B6-EC31-4CF5-A20F-09ABE3F5891C}"
EndProject
Project("{8BC9CEB8-8B4A-11D0-8D11-00A0C91BC942}") = "day12_03", "..\day12_03\day12_03.vcxproj", "{19238871-F6BA-47B3-A919-2A6AA55EE977}"
EndProject
Project("{8BC9CEB8-8B4A-11D0-8D11-00A0C91BC942}") = "day12_04", "..\day12_04_01函数对象适配器\day12_04_01函数对象适配器.vcxproj", "{62EA5438-6EBB-40F5-AD28-C24CA563061C}"
EndProject
Project("{8BC9CEB8-8B4A-11D0-8D11-00A0C91BC942}") = "day12_05", "..\day12_05\day12_05.vcxproj", "{4F612032-3CC5-49AE-90E3-63BD225935C6}"
EndProject
Project("{8BC9CEB8-8B4A-11D0-8D11-00A0C91BC942}") = "day12_06_常用查找算法", "..\day12_06\day12_06.vcxproj", "{956A9C50-3FF7-47D4-92EF-00C3DDF099D8}"
EndProject
Project("{8BC9CEB8-8B4A-11D0-8D11-00A0C91BC942}") = "day12_07_常用排序算法", "..\day12__07\day12__07.vcxproj", "{A264B7F8-790D-442A-B7AF-92ADAA608882}"
EndProject
Project("{8BC9CEB8-8B4A-11D0-8D11-00A0C91BC942}") = "day12_08常用拷贝和替换算法", "..\day12_08常用拷贝和替换算法\day12_08常用拷贝和替换算法.vcxproj", "{3BA37239-1393-4FDE-AF71-EEB38D3FB588}"
EndProject
Project("{8BC9CEB8-8B4A-11D0-8D11-00A0C91BC942}") = "day12_09_常用生成数算法", "..\day12_09_常用生成数算法\day12_09_常用生成数算法.vcxproj", "{12E10E1B-C232-41F1-8269-05DA98E5EA0E}"
EndProject
Project("{8BC9CEB8-8B4A-11D0-8D11-00A0C91BC942}") = "day12_10常用集合算法", "..\day12_10常用集合算法\day12_10常用集合算法.vcxproj", "{46B6040A-A261-42B7-9233-E92BFC11BA6F}"
EndProject
Project("{8BC9CEB8-8B4A-11D0-8D11-00A0C91BC942}") = "day12_11_STL综合案例__演讲比赛", "..\day12_11_STL综合案例__演讲比赛\day12_11_STL综合案例__演讲比赛.vcxproj", "{1DC98794-046C-4FFE-B7CB-D93CFE1A749D}"
EndProject
Global
	GlobalSection(SolutionConfigurationPlatforms) = preSolution
		Debug|x64 = Debug|x64
		Debug|x86 = Debug|x86
		Release|x64 = Release|x64
		Release|x86 = Release|x86
	EndGlobalSection
	GlobalSection(ProjectConfigurationPlatforms) = postSolution
		{9471022E-6FEB-4A8A-8510-4CBF56DFA867}.Debug|x64.ActiveCfg = Debug|x64
		{9471022E-6FEB-4A8A-8510-4CBF56DFA867}.Debug|x64.Build.0 = Debug|x64
		{9471022E-6FEB-4A8A-8510-4CBF56DFA867}.Debug|x86.ActiveCfg = Debug|Win32
		{9471022E-6FEB-4A8A-8510-4CBF56DFA867}.Debug|x86.Build.0 = Debug|Win32
		{9471022E-6FEB-4A8A-8510-4CBF56DFA867}.Release|x64.ActiveCfg = Release|x64
		{9471022E-6FEB-4A8A-8510-4CBF56DFA867}.Release|x64.Build.0 = Release|x64
		{9471022E-6FEB-4A8A-8510-4CBF56DFA867}.Release|x86.ActiveCfg = Release|Win32
		{9471022E-6FEB-4A8A-8510-4CBF56DFA867}.Release|x86.Build.0 = Release|Win32
		{2CBAC0B6-EC31-4CF5-A20F-09ABE3F5891C}.Debug|x64.ActiveCfg = Debug|x64
		{2CBAC0B6-EC31-4CF5-A20F-09ABE3F5891C}.Debug|x64.Build.0 = Debug|x64
		{2CBAC0B6-EC31-4CF5-A20F-09ABE3F5891C}.Debug|x86.ActiveCfg = Debug|Win32
		{2CBAC0B6-EC31-4CF5-A20F-09ABE3F5891C}.Debug|x86.Build.0 = Debug|Win32
		{2CBAC0B6-EC31-4CF5-A20F-09ABE3F5891C}.Release|x64.ActiveCfg = Release|x64
		{2CBAC0B6-EC31-4CF5-A20F-09ABE3F5891C}.Release|x64.Build.0 = Release|x64
		{2CBAC0B6-EC31-4CF5-A20F-09ABE3F5891C}.Release|x86.ActiveCfg = Release|Win32
		{2CBAC0B6-EC31-4CF5-A20F-09ABE3F5891C}.Release|x86.Build.0 = Release|Win32
		{19238871-F6BA-47B3-A919-2A6AA55EE977}.Debug|x64.ActiveCfg = Debug|x64
		{19238871-F6BA-47B3-A919-2A6AA55EE977}.Debug|x64.Build.0 = Debug|x64
		{19238871-F6BA-47B3-A919-2A6AA55EE977}.Debug|x86.ActiveCfg = Debug|Win32
		{19238871-F6BA-47B3-A919-2A6AA55EE977}.Debug|x86.Build.0 = Debug|Win32
		{19238871-F6BA-47B3-A919-2A6AA55EE977}.Release|x64.ActiveCfg = Release|x64
		{19238871-F6BA-47B3-A919-2A6AA55EE977}.Release|x64.Build.0 = Release|x64
		{19238871-F6BA-47B3-A919-2A6AA55EE977}.Release|x86.ActiveCfg = Release|Win32
		{19238871-F6BA-47B3-A919-2A6AA55EE977}.Release|x86.Build.0 = Release|Win32
		{62EA5438-6EBB-40F5-AD28-C24CA563061C}.Debug|x64.ActiveCfg = Debug|x64
		{62EA5438-6EBB-40F5-AD28-C24CA563061C}.Debug|x64.Build.0 = Debug|x64
		{62EA5438-6EBB-40F5-AD28-C24CA563061C}.Debug|x86.ActiveCfg = Debug|Win32
		{62EA5438-6EBB-40F5-AD28-C24CA563061C}.Debug|x86.Build.0 = Debug|Win32
		{62EA5438-6EBB-40F5-AD28-C24CA563061C}.Release|x64.ActiveCfg = Release|x64
		{62EA5438-6EBB-40F5-AD28-C24CA563061C}.Release|x64.Build.0 = Release|x64
		{62EA5438-6EBB-40F5-AD28-C24CA563061C}.Release|x86.ActiveCfg = Release|Win32
		{62EA5438-6EBB-40F5-AD28-C24CA563061C}.Release|x86.Build.0 = Release|Win32
		{4F612032-3CC5-49AE-90E3-63BD225935C6}.Debug|x64.ActiveCfg = Debug|x64
		{4F612032-3CC5-49AE-90E3-63BD225935C6}.Debug|x64.Build.0 = Debug|x64
		{4F612032-3CC5-49AE-90E3-63BD225935C6}.Debug|x86.ActiveCfg = Debug|Win32
		{4F612032-3CC5-49AE-90E3-63BD225935C6}.Debug|x86.Build.0 = Debug|Win32
		{4F612032-3CC5-49AE-90E3-63BD225935C6}.Release|x64.ActiveCfg = Release|x64
		{4F612032-3CC5-49AE-90E3-63BD225935C6}.Release|x64.Build.0 = Release|x64
		{4F612032-3CC5-49AE-90E3-63BD225935C6}.Release|x86.ActiveCfg = Release|Win32
		{4F612032-3CC5-49AE-90E3-63BD225935C6}.Release|x86.Build.0 = Release|Win32
		{956A9C50-3FF7-47D4-92EF-00C3DDF099D8}.Debug|x64.ActiveCfg = Debug|x64
		{956A9C50-3FF7-47D4-92EF-00C3DDF099D8}.Debug|x64.Build.0 = Debug|x64
		{956A9C50-3FF7-47D4-92EF-00C3DDF099D8}.Debug|x86.ActiveCfg = Debug|Win32
		{956A9C50-3FF7-47D4-92EF-00C3DDF099D8}.Debug|x86.Build.0 = Debug|Win32
		{956A9C50-3FF7-47D4-92EF-00C3DDF099D8}.Release|x64.ActiveCfg = Release|x64
		{956A9C50-3FF7-47D4-92EF-00C3DDF099D8}.Release|x64.Build.0 = Release|x64
		{956A9C50-3FF7-47D4-92EF-00C3DDF099D8}.Release|x86.ActiveCfg = Release|Win32
		{956A9C50-3FF7-47D4-92EF-00C3DDF099D8}.Release|x86.Build.0 = Release|Win32
		{A264B7F8-790D-442A-B7AF-92ADAA608882}.Debug|x64.ActiveCfg = Debug|x64
		{A264B7F8-790D-442A-B7AF-92ADAA608882}.Debug|x64.Build.0 = Debug|x64
		{A264B7F8-790D-442A-B7AF-92ADAA608882}.Debug|x86.ActiveCfg = Debug|Win32
		{A264B7F8-790D-442A-B7AF-92ADAA608882}.Debug|x86.Build.0 = Debug|Win32
		{A264B7F8-790D-442A-B7AF-92ADAA608882}.Release|x64.ActiveCfg = Release|x64
		{A264B7F8-790D-442A-B7AF-92ADAA608882}.Release|x64.Build.0 = Release|x64
		{A264B7F8-790D-442A-B7AF-92ADAA608882}.Release|x86.ActiveCfg = Release|Win32
		{A264B7F8-790D-442A-B7AF-92ADAA608882}.Release|x86.Build.0 = Release|Win32
		{3BA37239-1393-4FDE-AF71-EEB38D3FB588}.Debug|x64.ActiveCfg = Debug|x64
		{3BA37239-1393-4FDE-AF71-EEB38D3FB588}.Debug|x64.Build.0 = Debug|x64
		{3BA37239-1393-4FDE-AF71-EEB38D3FB588}.Debug|x86.ActiveCfg = Debug|Win32
		{3BA37239-1393-4FDE-AF71-EEB38D3FB588}.Debug|x86.Build.0 = Debug|Win32
		{3BA37239-1393-4FDE-AF71-EEB38D3FB588}.Release|x64.ActiveCfg = Release|x64
		{3BA37239-1393-4FDE-AF71-EEB38D3FB588}.Release|x64.Build.0 = Release|x64
		{3BA37239-1393-4FDE-AF71-EEB38D3FB588}.Release|x86.ActiveCfg = Release|Win32
		{3BA37239-1393-4FDE-AF71-EEB38D3FB588}.Release|x86.Build.0 = Release|Win32
		{12E10E1B-C232-41F1-8269-05DA98E5EA0E}.Debug|x64.ActiveCfg = Debug|x64
		{12E10E1B-C232-41F1-8269-05DA98E5EA0E}.Debug|x64.Build.0 = Debug|x64
		{12E10E1B-C232-41F1-8269-05DA98E5EA0E}.Debug|x86.ActiveCfg = Debug|Win32
		{12E10E1B-C232-41F1-8269-05DA98E5EA0E}.Debug|x86.Build.0 = Debug|Win32
		{12E10E1B-C232-41F1-8269-05DA98E5EA0E}.Release|x64.ActiveCfg = Release|x64
		{12E10E1B-C232-41F1-8269-05DA98E5EA0E}.Release|x64.Build.0 = Release|x64
		{12E10E1B-C232-41F1-8269-05DA98E5EA0E}.Release|x86.ActiveCfg = Release|Win32
		{12E10E1B-C232-41F1-8269-05DA98E5EA0E}.Release|x86.Build.0 = Release|Win32
		{46B6040A-A261-42B7-9233-E92BFC11BA6F}.Debug|x64.ActiveCfg = Debug|x64
		{46B6040A-A261-42B7-9233-E92BFC11BA6F}.Debug|x64.Build.0 = Debug|x64
		{46B6040A-A261-42B7-9233-E92BFC11BA6F}.Debug|x86.ActiveCfg = Debug|Win32
		{46B6040A-A261-42B7-9233-E92BFC11BA6F}.Debug|x86.Build.0 = Debug|Win32
		{46B6040A-A261-42B7-9233-E92BFC11BA6F}.Release|x64.ActiveCfg = Release|x64
		{46B6040A-A261-42B7-9233-E92BFC11BA6F}.Release|x64.Build.0 = Release|x64
		{46B6040A-A261-42B7-9233-E92BFC11BA6F}.Release|x86.ActiveCfg = Release|Win32
		{46B6040A-A261-42B7-9233-E92BFC11BA6F}.Release|x86.Build.0 = Release|Win32
		{1DC98794-046C-4FFE-B7CB-D93CFE1A749D}.Debug|x64.ActiveCfg = Debug|x64
		{1DC98794-046C-4FFE-B7CB-D93CFE1A749D}.Debug|x64.Build.0 = Debug|x64
		{1DC98794-046C-4FFE-B7CB-D93CFE1A749D}.Debug|x86.ActiveCfg = Debug|Win32
		{1DC98794-046C-4FFE-B7CB-D93CFE1A749D}.Debug|x86.Build.0 = Debug|Win32
		{1DC98794-046C-4FFE-B7CB-D93CFE1A749D}.Release|x64.ActiveCfg = Release|x64
		{1DC98794-046C-4FFE-B7CB-D93CFE1A749D}.Release|x64.Build.0 = Release|x64
		{1DC98794-046C-4FFE-B7CB-D93CFE1A749D}.Release|x86.ActiveCfg = Release|Win32
		{1DC98794-046C-4FFE-B7CB-D93CFE1A749D}.Release|x86.Build.0 = Release|Win32
	EndGlobalSection
	GlobalSection(SolutionProperties) = preSolution
		HideSolutionNode = FALSE
	EndGlobalSection
	GlobalSection(ExtensibilityGlobals) = postSolution
		SolutionGuid = {11804E9D-BED6-409C-B39E-41FEFF110468}
	EndGlobalSection
EndGlobal
